// !$*UTF8*$!
{
	archiveVersion = 1;
	classes = {
	};
	objectVersion = 51;
	objects = {

/* Begin PBXBuildFile section */
		571F98B825BEDEB10089E7AA /* CustomViewController.swift in Sources */ = {isa = PBXBuildFile; fileRef = 571F98B725BEDEB10089E7AA /* CustomViewController.swift */; };
		571F98CC25BEDF8A0089E7AA /* CustomView.swift in Sources */ = {isa = PBXBuildFile; fileRef = 571F98CB25BEDF890089E7AA /* CustomView.swift */; };
		571F98D225BEDFF60089E7AA /* Layoutable.swift in Sources */ = {isa = PBXBuildFile; fileRef = 571F98D125BEDFF60089E7AA /* Layoutable.swift */; };
		571F98DC25BEE7E60089E7AA /* InitialView.swift in Sources */ = {isa = PBXBuildFile; fileRef = 571F98DB25BEE7E60089E7AA /* InitialView.swift */; };
		57890B5C25BEC54D00F3F242 /* AppDelegate.swift in Sources */ = {isa = PBXBuildFile; fileRef = 57890B5B25BEC54D00F3F242 /* AppDelegate.swift */; };
		57890B6025BEC54D00F3F242 /* InitialViewController.swift in Sources */ = {isa = PBXBuildFile; fileRef = 57890B5F25BEC54D00F3F242 /* InitialViewController.swift */; };
		57890B6525BEC54F00F3F242 /* Assets.xcassets in Resources */ = {isa = PBXBuildFile; fileRef = 57890B6425BEC54F00F3F242 /* Assets.xcassets */; };
		57890B6825BEC54F00F3F242 /* LaunchScreen.storyboard in Resources */ = {isa = PBXBuildFile; fileRef = 57890B6625BEC54F00F3F242 /* LaunchScreen.storyboard */; };
		E796E9E6DC62C3C24B68CC24 /* Pods_Foursquare_iOS_Client_App.framework in Frameworks */ = {isa = PBXBuildFile; fileRef = D74D67F9304DA13D5BE17365 /* Pods_Foursquare_iOS_Client_App.framework */; };
/* End PBXBuildFile section */

/* Begin PBXFileReference section */
		4D9A0DBE4783D806D0D2A3DB /* Pods-Foursquare iOS Client App.release.xcconfig */ = {isa = PBXFileReference; includeInIndex = 1; lastKnownFileType = text.xcconfig; name = "Pods-Foursquare iOS Client App.release.xcconfig"; path = "Target Support Files/Pods-Foursquare iOS Client App/Pods-Foursquare iOS Client App.release.xcconfig"; sourceTree = "<group>"; };
		571F98B725BEDEB10089E7AA /* CustomViewController.swift */ = {isa = PBXFileReference; lastKnownFileType = sourcecode.swift; path = CustomViewController.swift; sourceTree = "<group>"; };
		571F98CB25BEDF890089E7AA /* CustomView.swift */ = {isa = PBXFileReference; lastKnownFileType = sourcecode.swift; path = CustomView.swift; sourceTree = "<group>"; };
		571F98D125BEDFF60089E7AA /* Layoutable.swift */ = {isa = PBXFileReference; lastKnownFileType = sourcecode.swift; path = Layoutable.swift; sourceTree = "<group>"; };
		571F98DB25BEE7E60089E7AA /* InitialView.swift */ = {isa = PBXFileReference; lastKnownFileType = sourcecode.swift; path = InitialView.swift; sourceTree = "<group>"; };
		57890B5825BEC54D00F3F242 /* Foursquare iOS Client App.app */ = {isa = PBXFileReference; explicitFileType = wrapper.application; includeInIndex = 0; path = "Foursquare iOS Client App.app"; sourceTree = BUILT_PRODUCTS_DIR; };
		57890B5B25BEC54D00F3F242 /* AppDelegate.swift */ = {isa = PBXFileReference; lastKnownFileType = sourcecode.swift; path = AppDelegate.swift; sourceTree = "<group>"; };
		57890B5F25BEC54D00F3F242 /* InitialViewController.swift */ = {isa = PBXFileReference; lastKnownFileType = sourcecode.swift; path = InitialViewController.swift; sourceTree = "<group>"; };
		57890B6425BEC54F00F3F242 /* Assets.xcassets */ = {isa = PBXFileReference; lastKnownFileType = folder.assetcatalog; path = Assets.xcassets; sourceTree = "<group>"; };
		57890B6725BEC54F00F3F242 /* Base */ = {isa = PBXFileReference; lastKnownFileType = file.storyboard; name = Base; path = Base.lproj/LaunchScreen.storyboard; sourceTree = "<group>"; };
		57890B6925BEC54F00F3F242 /* Info.plist */ = {isa = PBXFileReference; lastKnownFileType = text.plist.xml; path = Info.plist; sourceTree = "<group>"; };
		8AB4BF357E5539D8F6BF8E53 /* Pods-Foursquare iOS Client App.debug.xcconfig */ = {isa = PBXFileReference; includeInIndex = 1; lastKnownFileType = text.xcconfig; name = "Pods-Foursquare iOS Client App.debug.xcconfig"; path = "Target Support Files/Pods-Foursquare iOS Client App/Pods-Foursquare iOS Client App.debug.xcconfig"; sourceTree = "<group>"; };
		D74D67F9304DA13D5BE17365 /* Pods_Foursquare_iOS_Client_App.framework */ = {isa = PBXFileReference; explicitFileType = wrapper.framework; includeInIndex = 0; path = Pods_Foursquare_iOS_Client_App.framework; sourceTree = BUILT_PRODUCTS_DIR; };
/* End PBXFileReference section */

/* Begin PBXFrameworksBuildPhase section */
		57890B5525BEC54D00F3F242 /* Frameworks */ = {
			isa = PBXFrameworksBuildPhase;
			buildActionMask = 2147483647;
			files = (
				E796E9E6DC62C3C24B68CC24 /* Pods_Foursquare_iOS_Client_App.framework in Frameworks */,
			);
			runOnlyForDeploymentPostprocessing = 0;
		};
/* End PBXFrameworksBuildPhase section */

/* Begin PBXGroup section */
		0E870D23BCD700A660575798 /* Pods */ = {
			isa = PBXGroup;
			children = (
				8AB4BF357E5539D8F6BF8E53 /* Pods-Foursquare iOS Client App.debug.xcconfig */,
				4D9A0DBE4783D806D0D2A3DB /* Pods-Foursquare iOS Client App.release.xcconfig */,
			);
			path = Pods;
			sourceTree = "<group>";
		};
		571F98B625BEDE2B0089E7AA /* Core */ = {
			isa = PBXGroup;
			children = (
				571F98CF25BEDFC90089E7AA /* Protocol */,
				571F98CE25BEDFB90089E7AA /* Custom */,
			);
			path = Core;
			sourceTree = "<group>";
		};
		571F98CE25BEDFB90089E7AA /* Custom */ = {
			isa = PBXGroup;
			children = (
				571F98B725BEDEB10089E7AA /* CustomViewController.swift */,
				571F98CB25BEDF890089E7AA /* CustomView.swift */,
			);
			path = Custom;
			sourceTree = "<group>";
		};
		571F98CF25BEDFC90089E7AA /* Protocol */ = {
			isa = PBXGroup;
			children = (
				571F98D125BEDFF60089E7AA /* Layoutable.swift */,
			);
			path = Protocol;
			sourceTree = "<group>";
		};
		571F98D925BEE7CB0089E7AA /* Screens */ = {
			isa = PBXGroup;
			children = (
				571F98DA25BEE7D60089E7AA /* Initial */,
			);
			path = Screens;
			sourceTree = "<group>";
		};
		571F98DA25BEE7D60089E7AA /* Initial */ = {
			isa = PBXGroup;
			children = (
				57890B7125BED68200F3F242 /* View */,
				57890B7225BED69000F3F242 /* Controller */,
			);
			path = Initial;
			sourceTree = "<group>";
		};
		57890B4F25BEC54D00F3F242 = {
			isa = PBXGroup;
			children = (
				57890B5A25BEC54D00F3F242 /* Foursquare iOS Client App */,
				57890B5925BEC54D00F3F242 /* Products */,
				0E870D23BCD700A660575798 /* Pods */,
				58CCAEFD2BCB20A511EEFC1F /* Frameworks */,
			);
			sourceTree = "<group>";
		};
		57890B5925BEC54D00F3F242 /* Products */ = {
			isa = PBXGroup;
			children = (
				57890B5825BEC54D00F3F242 /* Foursquare iOS Client App.app */,
			);
			name = Products;
			sourceTree = "<group>";
		};
		57890B5A25BEC54D00F3F242 /* Foursquare iOS Client App */ = {
			isa = PBXGroup;
			children = (
				571F98D925BEE7CB0089E7AA /* Screens */,
				57890B7025BED65F00F3F242 /* Supporting Files */,
			);
			path = "Foursquare iOS Client App";
			sourceTree = "<group>";
		};
		57890B7025BED65F00F3F242 /* Supporting Files */ = {
			isa = PBXGroup;
			children = (
				571F98B625BEDE2B0089E7AA /* Core */,
				57890B5B25BEC54D00F3F242 /* AppDelegate.swift */,
				57890B6425BEC54F00F3F242 /* Assets.xcassets */,
				57890B6625BEC54F00F3F242 /* LaunchScreen.storyboard */,
				57890B6925BEC54F00F3F242 /* Info.plist */,
			);
			path = "Supporting Files";
			sourceTree = "<group>";
		};
		57890B7125BED68200F3F242 /* View */ = {
			isa = PBXGroup;
			children = (
				571F98DB25BEE7E60089E7AA /* InitialView.swift */,
			);
			path = View;
			sourceTree = "<group>";
		};
		57890B7225BED69000F3F242 /* Controller */ = {
			isa = PBXGroup;
			children = (
				57890B5F25BEC54D00F3F242 /* InitialViewController.swift */,
			);
			path = Controller;
			sourceTree = "<group>";
		};
		58CCAEFD2BCB20A511EEFC1F /* Frameworks */ = {
			isa = PBXGroup;
			children = (
				D74D67F9304DA13D5BE17365 /* Pods_Foursquare_iOS_Client_App.framework */,
			);
			name = Frameworks;
			sourceTree = "<group>";
		};
/* End PBXGroup section */

/* Begin PBXNativeTarget section */
		57890B5725BEC54D00F3F242 /* Foursquare iOS Client App */ = {
			isa = PBXNativeTarget;
			buildConfigurationList = 57890B6C25BEC54F00F3F242 /* Build configuration list for PBXNativeTarget "Foursquare iOS Client App" */;
			buildPhases = (
				CB0CDC9F7CAEE7F105955524 /* [CP] Check Pods Manifest.lock */,
				57890B5425BEC54D00F3F242 /* Sources */,
				57890B5525BEC54D00F3F242 /* Frameworks */,
				57890B5625BEC54D00F3F242 /* Resources */,
				296CDAF698C6ACFAB52B55F4 /* [CP] Embed Pods Frameworks */,
			);
			buildRules = (
			);
			dependencies = (
			);
			name = "Foursquare iOS Client App";
			productName = "Foursquare iOS Client App";
			productReference = 57890B5825BEC54D00F3F242 /* Foursquare iOS Client App.app */;
			productType = "com.apple.product-type.application";
		};
/* End PBXNativeTarget section */

/* Begin PBXProject section */
		57890B5025BEC54D00F3F242 /* Project object */ = {
			isa = PBXProject;
			attributes = {
				LastSwiftUpdateCheck = 1230;
				LastUpgradeCheck = 1230;
				TargetAttributes = {
					57890B5725BEC54D00F3F242 = {
						CreatedOnToolsVersion = 12.3;
					};
				};
			};
			buildConfigurationList = 57890B5325BEC54D00F3F242 /* Build configuration list for PBXProject "Foursquare iOS Client App" */;
			compatibilityVersion = "Xcode 9.3";
			developmentRegion = en;
			hasScannedForEncodings = 0;
			knownRegions = (
				en,
				Base,
			);
			mainGroup = 57890B4F25BEC54D00F3F242;
			productRefGroup = 57890B5925BEC54D00F3F242 /* Products */;
			projectDirPath = "";
			projectRoot = "";
			targets = (
				57890B5725BEC54D00F3F242 /* Foursquare iOS Client App */,
			);
		};
/* End PBXProject section */

/* Begin PBXResourcesBuildPhase section */
		57890B5625BEC54D00F3F242 /* Resources */ = {
			isa = PBXResourcesBuildPhase;
			buildActionMask = 2147483647;
			files = (
				57890B6825BEC54F00F3F242 /* LaunchScreen.storyboard in Resources */,
				57890B6525BEC54F00F3F242 /* Assets.xcassets in Resources */,
			);
			runOnlyForDeploymentPostprocessing = 0;
		};
/* End PBXResourcesBuildPhase section */

/* Begin PBXShellScriptBuildPhase section */
		296CDAF698C6ACFAB52B55F4 /* [CP] Embed Pods Frameworks */ = {
			isa = PBXShellScriptBuildPhase;
			buildActionMask = 2147483647;
			files = (
			);
			inputFileListPaths = (
				"${PODS_ROOT}/Target Support Files/Pods-Foursquare iOS Client App/Pods-Foursquare iOS Client App-frameworks-${CONFIGURATION}-input-files.xcfilelist",
			);
			name = "[CP] Embed Pods Frameworks";
			outputFileListPaths = (
				"${PODS_ROOT}/Target Support Files/Pods-Foursquare iOS Client App/Pods-Foursquare iOS Client App-frameworks-${CONFIGURATION}-output-files.xcfilelist",
			);
			runOnlyForDeploymentPostprocessing = 0;
			shellPath = /bin/sh;
			shellScript = "\"${PODS_ROOT}/Target Support Files/Pods-Foursquare iOS Client App/Pods-Foursquare iOS Client App-frameworks.sh\"\n";
			showEnvVarsInLog = 0;
		};
		CB0CDC9F7CAEE7F105955524 /* [CP] Check Pods Manifest.lock */ = {
			isa = PBXShellScriptBuildPhase;
			buildActionMask = 2147483647;
			files = (
			);
			inputFileListPaths = (
			);
			inputPaths = (
				"${PODS_PODFILE_DIR_PATH}/Podfile.lock",
				"${PODS_ROOT}/Manifest.lock",
			);
			name = "[CP] Check Pods Manifest.lock";
			outputFileListPaths = (
			);
			outputPaths = (
				"$(DERIVED_FILE_DIR)/Pods-Foursquare iOS Client App-checkManifestLockResult.txt",
			);
			runOnlyForDeploymentPostprocessing = 0;
			shellPath = /bin/sh;
			shellScript = "diff \"${PODS_PODFILE_DIR_PATH}/Podfile.lock\" \"${PODS_ROOT}/Manifest.lock\" > /dev/null\nif [ $? != 0 ] ; then\n    # print error to STDERR\n    echo \"error: The sandbox is not in sync with the Podfile.lock. Run 'pod install' or update your CocoaPods installation.\" >&2\n    exit 1\nfi\n# This output is used by Xcode 'outputs' to avoid re-running this script phase.\necho \"SUCCESS\" > \"${SCRIPT_OUTPUT_FILE_0}\"\n";
			showEnvVarsInLog = 0;
		};
/* End PBXShellScriptBuildPhase section */

/* Begin PBXSourcesBuildPhase section */
		57890B5425BEC54D00F3F242 /* Sources */ = {
			isa = PBXSourcesBuildPhase;
			buildActionMask = 2147483647;
			files = (
				571F98B825BEDEB10089E7AA /* CustomViewController.swift in Sources */,
				571F98CC25BEDF8A0089E7AA /* CustomView.swift in Sources */,
				571F98D225BEDFF60089E7AA /* Layoutable.swift in Sources */,
				571F98DC25BEE7E60089E7AA /* InitialView.swift in Sources */,
				57890B6025BEC54D00F3F242 /* InitialViewController.swift in Sources */,
				57890B5C25BEC54D00F3F242 /* AppDelegate.swift in Sources */,
			);
			runOnlyForDeploymentPostprocessing = 0;
		};
/* End PBXSourcesBuildPhase section */

/* Begin PBXVariantGroup section */
		57890B6625BEC54F00F3F242 /* LaunchScreen.storyboard */ = {
			isa = PBXVariantGroup;
			children = (
				57890B6725BEC54F00F3F242 /* Base */,
			);
			name = LaunchScreen.storyboard;
			sourceTree = "<group>";
		};
/* End PBXVariantGroup section */

/* Begin XCBuildConfiguration section */
		57890B6A25BEC54F00F3F242 /* Debug */ = {
			isa = XCBuildConfiguration;
			buildSettings = {
				ALWAYS_SEARCH_USER_PATHS = NO;
				CLANG_ANALYZER_NONNULL = YES;
				CLANG_ANALYZER_NUMBER_OBJECT_CONVERSION = YES_AGGRESSIVE;
				CLANG_CXX_LANGUAGE_STANDARD = "gnu++14";
				CLANG_CXX_LIBRARY = "libc++";
				CLANG_ENABLE_MODULES = YES;
				CLANG_ENABLE_OBJC_ARC = YES;
				CLANG_ENABLE_OBJC_WEAK = YES;
				CLANG_WARN_BLOCK_CAPTURE_AUTORELEASING = YES;
				CLANG_WARN_BOOL_CONVERSION = YES;
				CLANG_WARN_COMMA = YES;
				CLANG_WARN_CONSTANT_CONVERSION = YES;
				CLANG_WARN_DEPRECATED_OBJC_IMPLEMENTATIONS = YES;
				CLANG_WARN_DIRECT_OBJC_ISA_USAGE = YES_ERROR;
				CLANG_WARN_DOCUMENTATION_COMMENTS = YES;
				CLANG_WARN_EMPTY_BODY = YES;
				CLANG_WARN_ENUM_CONVERSION = YES;
				CLANG_WARN_INFINITE_RECURSION = YES;
				CLANG_WARN_INT_CONVERSION = YES;
				CLANG_WARN_NON_LITERAL_NULL_CONVERSION = YES;
				CLANG_WARN_OBJC_IMPLICIT_RETAIN_SELF = YES;
				CLANG_WARN_OBJC_LITERAL_CONVERSION = YES;
				CLANG_WARN_OBJC_ROOT_CLASS = YES_ERROR;
				CLANG_WARN_QUOTED_INCLUDE_IN_FRAMEWORK_HEADER = YES;
				CLANG_WARN_RANGE_LOOP_ANALYSIS = YES;
				CLANG_WARN_STRICT_PROTOTYPES = YES;
				CLANG_WARN_SUSPICIOUS_MOVE = YES;
				CLANG_WARN_UNGUARDED_AVAILABILITY = YES_AGGRESSIVE;
				CLANG_WARN_UNREACHABLE_CODE = YES;
				CLANG_WARN__DUPLICATE_METHOD_MATCH = YES;
				COPY_PHASE_STRIP = NO;
				DEBUG_INFORMATION_FORMAT = dwarf;
				ENABLE_STRICT_OBJC_MSGSEND = YES;
				ENABLE_TESTABILITY = YES;
				GCC_C_LANGUAGE_STANDARD = gnu11;
				GCC_DYNAMIC_NO_PIC = NO;
				GCC_NO_COMMON_BLOCKS = YES;
				GCC_OPTIMIZATION_LEVEL = 0;
				GCC_PREPROCESSOR_DEFINITIONS = (
					"DEBUG=1",
					"$(inherited)",
				);
				GCC_WARN_64_TO_32_BIT_CONVERSION = YES;
				GCC_WARN_ABOUT_RETURN_TYPE = YES_ERROR;
				GCC_WARN_UNDECLARED_SELECTOR = YES;
				GCC_WARN_UNINITIALIZED_AUTOS = YES_AGGRESSIVE;
				GCC_WARN_UNUSED_FUNCTION = YES;
				GCC_WARN_UNUSED_VARIABLE = YES;
				IPHONEOS_DEPLOYMENT_TARGET = 14.3;
				MTL_ENABLE_DEBUG_INFO = INCLUDE_SOURCE;
				MTL_FAST_MATH = YES;
				ONLY_ACTIVE_ARCH = YES;
				SDKROOT = iphoneos;
				SWIFT_ACTIVE_COMPILATION_CONDITIONS = DEBUG;
				SWIFT_OPTIMIZATION_LEVEL = "-Onone";
			};
			name = Debug;
		};
		57890B6B25BEC54F00F3F242 /* Release */ = {
			isa = XCBuildConfiguration;
			buildSettings = {
				ALWAYS_SEARCH_USER_PATHS = NO;
				CLANG_ANALYZER_NONNULL = YES;
				CLANG_ANALYZER_NUMBER_OBJECT_CONVERSION = YES_AGGRESSIVE;
				CLANG_CXX_LANGUAGE_STANDARD = "gnu++14";
				CLANG_CXX_LIBRARY = "libc++";
				CLANG_ENABLE_MODULES = YES;
				CLANG_ENABLE_OBJC_ARC = YES;
				CLANG_ENABLE_OBJC_WEAK = YES;
				CLANG_WARN_BLOCK_CAPTURE_AUTORELEASING = YES;
				CLANG_WARN_BOOL_CONVERSION = YES;
				CLANG_WARN_COMMA = YES;
				CLANG_WARN_CONSTANT_CONVERSION = YES;
				CLANG_WARN_DEPRECATED_OBJC_IMPLEMENTATIONS = YES;
				CLANG_WARN_DIRECT_OBJC_ISA_USAGE = YES_ERROR;
				CLANG_WARN_DOCUMENTATION_COMMENTS = YES;
				CLANG_WARN_EMPTY_BODY = YES;
				CLANG_WARN_ENUM_CONVERSION = YES;
				CLANG_WARN_INFINITE_RECURSION = YES;
				CLANG_WARN_INT_CONVERSION = YES;
				CLANG_WARN_NON_LITERAL_NULL_CONVERSION = YES;
				CLANG_WARN_OBJC_IMPLICIT_RETAIN_SELF = YES;
				CLANG_WARN_OBJC_LITERAL_CONVERSION = YES;
				CLANG_WARN_OBJC_ROOT_CLASS = YES_ERROR;
				CLANG_WARN_QUOTED_INCLUDE_IN_FRAMEWORK_HEADER = YES;
				CLANG_WARN_RANGE_LOOP_ANALYSIS = YES;
				CLANG_WARN_STRICT_PROTOTYPES = YES;
				CLANG_WARN_SUSPICIOUS_MOVE = YES;
				CLANG_WARN_UNGUARDED_AVAILABILITY = YES_AGGRESSIVE;
				CLANG_WARN_UNREACHABLE_CODE = YES;
				CLANG_WARN__DUPLICATE_METHOD_MATCH = YES;
				COPY_PHASE_STRIP = NO;
				DEBUG_INFORMATION_FORMAT = "dwarf-with-dsym";
				ENABLE_NS_ASSERTIONS = NO;
				ENABLE_STRICT_OBJC_MSGSEND = YES;
				GCC_C_LANGUAGE_STANDARD = gnu11;
				GCC_NO_COMMON_BLOCKS = YES;
				GCC_WARN_64_TO_32_BIT_CONVERSION = YES;
				GCC_WARN_ABOUT_RETURN_TYPE = YES_ERROR;
				GCC_WARN_UNDECLARED_SELECTOR = YES;
				GCC_WARN_UNINITIALIZED_AUTOS = YES_AGGRESSIVE;
				GCC_WARN_UNUSED_FUNCTION = YES;
				GCC_WARN_UNUSED_VARIABLE = YES;
				IPHONEOS_DEPLOYMENT_TARGET = 14.3;
				MTL_ENABLE_DEBUG_INFO = NO;
				MTL_FAST_MATH = YES;
				SDKROOT = iphoneos;
				SWIFT_COMPILATION_MODE = wholemodule;
				SWIFT_OPTIMIZATION_LEVEL = "-O";
				VALIDATE_PRODUCT = YES;
			};
			name = Release;
		};
		57890B6D25BEC54F00F3F242 /* Debug */ = {
			isa = XCBuildConfiguration;
			baseConfigurationReference = 8AB4BF357E5539D8F6BF8E53 /* Pods-Foursquare iOS Client App.debug.xcconfig */;
			buildSettings = {
				ASSETCATALOG_COMPILER_APPICON_NAME = AppIcon;
				ASSETCATALOG_COMPILER_GLOBAL_ACCENT_COLOR_NAME = AccentColor;
				CODE_SIGN_STYLE = Automatic;
				INFOPLIST_FILE = "$(SRCROOT)/Foursquare iOS Client App/Supporting Files/Info.plist";
				IPHONEOS_DEPLOYMENT_TARGET = 9.0;
				LD_RUNPATH_SEARCH_PATHS = (
					"$(inherited)",
					"@executable_path/Frameworks",
				);
				PRODUCT_BUNDLE_IDENTIFIER = "com.muhammedkarakul.Foursquare-iOS-Client-App";
				PRODUCT_NAME = "$(TARGET_NAME)";
				SWIFT_VERSION = 5.0;
				TARGETED_DEVICE_FAMILY = "1,2";
			};
			name = Debug;
		};
		57890B6E25BEC54F00F3F242 /* Release */ = {
			isa = XCBuildConfiguration;
			baseConfigurationReference = 4D9A0DBE4783D806D0D2A3DB /* Pods-Foursquare iOS Client App.release.xcconfig */;
			buildSettings = {
				ASSETCATALOG_COMPILER_APPICON_NAME = AppIcon;
				ASSETCATALOG_COMPILER_GLOBAL_ACCENT_COLOR_NAME = AccentColor;
				CODE_SIGN_STYLE = Automatic;
				INFOPLIST_FILE = "$(SRCROOT)/Foursquare iOS Client App/Supporting Files/Info.plist";
				IPHONEOS_DEPLOYMENT_TARGET = 9.0;
				LD_RUNPATH_SEARCH_PATHS = (
					"$(inherited)",
					"@executable_path/Frameworks",
				);
				PRODUCT_BUNDLE_IDENTIFIER = "com.muhammedkarakul.Foursquare-iOS-Client-App";
				PRODUCT_NAME = "$(TARGET_NAME)";
				SWIFT_VERSION = 5.0;
				TARGETED_DEVICE_FAMILY = "1,2";
			};
			name = Release;
		};
/* End XCBuildConfiguration section */

/* Begin XCConfigurationList section */
		57890B5325BEC54D00F3F242 /* Build configuration list for PBXProject "Foursquare iOS Client App" */ = {
			isa = XCConfigurationList;
			buildConfigurations = (
				57890B6A25BEC54F00F3F242 /* Debug */,
				57890B6B25BEC54F00F3F242 /* Release */,
			);
			defaultConfigurationIsVisible = 0;
			defaultConfigurationName = Release;
		};
		57890B6C25BEC54F00F3F242 /* Build configuration list for PBXNativeTarget "Foursquare iOS Client App" */ = {
			isa = XCConfigurationList;
			buildConfigurations = (
				57890B6D25BEC54F00F3F242 /* Debug */,
				57890B6E25BEC54F00F3F242 /* Release */,
			);
			defaultConfigurationIsVisible = 0;
			defaultConfigurationName = Release;
		};
/* End XCConfigurationList section */
	};
	rootObject = 57890B5025BEC54D00F3F242 /* Project object */;
}
